
Microsoft Visual Studio Solution File, Format Version 12.00
# Visual Studio 15
VisualStudioVersion = 15.0.28010.2046
MinimumVisualStudioVersion = 10.0.40219.1
Project("{FAE04EC0-301F-11D3-BF4B-00C04F79EFBC}") = "ChangeIPApp", "WindowsFormsApp2\ChangeIPApp.csproj", "{EE483DC7-4B9D-4EE7-B636-0897FD593E9F}"
EndProject
Global
	GlobalSection(SolutionConfigurationPlatforms) = preSolution
		Debug|Any CPU = Debug|Any CPU
		Release|Any CPU = Release|Any CPU
	EndGlobalSection
	GlobalSection(ProjectConfigurationPlatforms) = postSolution
		{EE483DC7-4B9D-4EE7-B636-0897FD593E9F}.Debug|Any CPU.ActiveCfg = Debug|Any CPU
		{EE483DC7-4B9D-4EE7-B636-0897FD593E9F}.Debug|Any CPU.Build.0 = Debug|Any CPU
		{EE483DC7-4B9D-4EE7-B636-0897FD593E9F}.Release|Any CPU.ActiveCfg = Release|Any CPU
		{EE483DC7-4B9D-4EE7-B636-0897FD593E9F}.Release|Any CPU.Build.0 = Release|Any CPU
	EndGlobalSection
	GlobalSection(SolutionProperties) = preSolution
		HideSolutionNode = FALSE
	EndGlobalSection
	GlobalSection(ExtensibilityGlobals) = postSolution
		SolutionGuid = {2B26D6B0-44F8-4B40-8E2F-382BFF3AC3E7}
	EndGlobalSection
EndGlobal
